
Microsoft Visual Studio Solution File, Format Version 12.00
# Visual Studio Version 17
VisualStudioVersion = 17.3.32825.248
MinimumVisualStudioVersion = 10.0.40219.1
Project("{FAE04EC0-301F-11D3-BF4B-00C04F79EFBC}") = "iptv_playlist_editor", "iptv_playlist_editor\iptv_playlist_editor.csproj", "{FD64D06A-1855-4BC7-ADCE-FEDD627921E0}"
EndProject
Global
	GlobalSection(SolutionConfigurationPlatforms) = preSolution
		Debug|Any CPU = Debug|Any CPU
		Release|Any CPU = Release|Any CPU
	EndGlobalSection
	GlobalSection(ProjectConfigurationPlatforms) = postSolution
		{FD64D06A-1855-4BC7-ADCE-FEDD627921E0}.Debug|Any CPU.ActiveCfg = Debug|Any CPU
		{FD64D06A-1855-4BC7-ADCE-FEDD627921E0}.Debug|Any CPU.Build.0 = Debug|Any CPU
		{FD64D06A-1855-4BC7-ADCE-FEDD627921E0}.Release|Any CPU.ActiveCfg = Release|Any CPU
		{FD64D06A-1855-4BC7-ADCE-FEDD627921E0}.Release|Any CPU.Build.0 = Release|Any CPU
	EndGlobalSection
	GlobalSection(SolutionProperties) = preSolution
		HideSolutionNode = FALSE
	EndGlobalSection
	GlobalSection(ExtensibilityGlobals) = postSolution
		SolutionGuid = {9EA1558D-C851-4DE0-9F8A-E818B88EBA20}
	EndGlobalSection
EndGlobal
